
Microsoft Visual Studio Solution File, Format Version 12.00
# Visual Studio Version 17
VisualStudioVersion = 17.4.33213.308
MinimumVisualStudioVersion = 10.0.40219.1
Project("{FAE04EC0-301F-11D3-BF4B-00C04F79EFBC}") = "Heranca", "Heranca\Heranca.csproj", "{915E09BF-6AF7-4B43-A1CF-824CAFF6385E}"
EndProject
Global
	GlobalSection(SolutionConfigurationPlatforms) = preSolution
		Debug|Any CPU = Debug|Any CPU
		Release|Any CPU = Release|Any CPU
	EndGlobalSection
	GlobalSection(ProjectConfigurationPlatforms) = postSolution
		{915E09BF-6AF7-4B43-A1CF-824CAFF6385E}.Debug|Any CPU.ActiveCfg = Debug|Any CPU
		{915E09BF-6AF7-4B43-A1CF-824CAFF6385E}.Debug|Any CPU.Build.0 = Debug|Any CPU
		{915E09BF-6AF7-4B43-A1CF-824CAFF6385E}.Release|Any CPU.ActiveCfg = Release|Any CPU
		{915E09BF-6AF7-4B43-A1CF-824CAFF6385E}.Release|Any CPU.Build.0 = Release|Any CPU
	EndGlobalSection
	GlobalSection(SolutionProperties) = preSolution
		HideSolutionNode = FALSE
	EndGlobalSection
	GlobalSection(ExtensibilityGlobals) = postSolution
		SolutionGuid = {135011D6-B642-4A1D-B2CB-A28EA35473ED}
	EndGlobalSection
EndGlobal
